
Microsoft Visual Studio Solution File, Format Version 12.00
# Visual Studio Version 17
VisualStudioVersion = 17.14.36203.30 d17.14
MinimumVisualStudioVersion = 10.0.40219.1
Project("{FAE04EC0-301F-11D3-BF4B-00C04F79EFBC}") = "Presentation", "Presentation.csproj", "{8C349E37-5A15-46DB-A6C1-7418D64F3397}"
EndProject
Project("{FAE04EC0-301F-11D3-BF4B-00C04F79EFBC}") = "Application", "..\Application\Application.csproj", "{0E1162DC-8889-4BE2-9A6D-EF1F9481F0B7}"
EndProject
Project("{FAE04EC0-301F-11D3-BF4B-00C04F79EFBC}") = "Domain", "..\Domain\Domain.csproj", "{0AC78712-0803-493F-ADDA-160614381FAC}"
EndProject
Project("{FAE04EC0-301F-11D3-BF4B-00C04F79EFBC}") = "Infrastructure", "..\Infrastructure\Infrastructure.csproj", "{5DB64BA9-941D-4678-B957-BF62FF22F6B7}"
EndProject
Global
	GlobalSection(SolutionConfigurationPlatforms) = preSolution
		Debug|Any CPU = Debug|Any CPU
		Release|Any CPU = Release|Any CPU
	EndGlobalSection
	GlobalSection(ProjectConfigurationPlatforms) = postSolution
		{8C349E37-5A15-46DB-A6C1-7418D64F3397}.Debug|Any CPU.ActiveCfg = Debug|Any CPU
		{8C349E37-5A15-46DB-A6C1-7418D64F3397}.Debug|Any CPU.Build.0 = Debug|Any CPU
		{8C349E37-5A15-46DB-A6C1-7418D64F3397}.Release|Any CPU.ActiveCfg = Release|Any CPU
		{8C349E37-5A15-46DB-A6C1-7418D64F3397}.Release|Any CPU.Build.0 = Release|Any CPU
		{0E1162DC-8889-4BE2-9A6D-EF1F9481F0B7}.Debug|Any CPU.ActiveCfg = Debug|Any CPU
		{0E1162DC-8889-4BE2-9A6D-EF1F9481F0B7}.Debug|Any CPU.Build.0 = Debug|Any CPU
		{0E1162DC-8889-4BE2-9A6D-EF1F9481F0B7}.Release|Any CPU.ActiveCfg = Release|Any CPU
		{0E1162DC-8889-4BE2-9A6D-EF1F9481F0B7}.Release|Any CPU.Build.0 = Release|Any CPU
		{0AC78712-0803-493F-ADDA-160614381FAC}.Debug|Any CPU.ActiveCfg = Debug|Any CPU
		{0AC78712-0803-493F-ADDA-160614381FAC}.Debug|Any CPU.Build.0 = Debug|Any CPU
		{0AC78712-0803-493F-ADDA-160614381FAC}.Release|Any CPU.ActiveCfg = Release|Any CPU
		{0AC78712-0803-493F-ADDA-160614381FAC}.Release|Any CPU.Build.0 = Release|Any CPU
		{5DB64BA9-941D-4678-B957-BF62FF22F6B7}.Debug|Any CPU.ActiveCfg = Debug|Any CPU
		{5DB64BA9-941D-4678-B957-BF62FF22F6B7}.Debug|Any CPU.Build.0 = Debug|Any CPU
		{5DB64BA9-941D-4678-B957-BF62FF22F6B7}.Release|Any CPU.ActiveCfg = Release|Any CPU
		{5DB64BA9-941D-4678-B957-BF62FF22F6B7}.Release|Any CPU.Build.0 = Release|Any CPU
	EndGlobalSection
	GlobalSection(SolutionProperties) = preSolution
		HideSolutionNode = FALSE
	EndGlobalSection
	GlobalSection(ExtensibilityGlobals) = postSolution
		SolutionGuid = {CB5857A5-38FF-4DB9-AFA1-4DE2175AFBCA}
	EndGlobalSection
EndGlobal
